{
  "pins" : [
    {
      "identity" : "fluidgradient",
      "kind" : "remoteSourceControl",
      "location" : "https://github.com/Cindori/FluidGradient.git",
      "state" : {
        "revision" : "9ddda4cf23671ef0228e88681ec6210cb3e0d7f7",
        "version" : "1.0.0"
      }
    },
    {
      "identity" : "pokemonapi",
      "kind" : "remoteSourceControl",
      "location" : "https://github.com/kinkofer/PokemonAPI",
      "state" : {
        "revision" : "dfb4cfbf5f91798a5c37b031b913e21a74a06289",
        "version" : "6.1.1"
      }
    },
    {
      "identity" : "whatsnewkit",
      "kind" : "remoteSourceControl",
      "location" : "https://github.com/SvenTiigi/WhatsNewKit",
      "state" : {
        "revision" : "a81f41ea63870205f281b8d051b264f7b303f6d4",
        "version" : "2.2.0"
      }
    }
  ],
  "version" : 2
}
